{
  "meteor": {},
  "dependencies": {
    "basePackages": {
      "list-grouper": {
        "path": "../.."
      },
      "spreadsheet-to-mongodb": {}
    },
    "packages": {
      "list-grouper": {
        "path": "../.."
      },
      "spreadsheet-to-mongodb": {
        "git": "https://github.com/krstffr/meteor-spreadsheet-to-mongodb.git",
        "tag": "v0.0.5",
        "commit": "68b26d0c1c4ceadc080c16840b19eb026e1827dc"
      }
    }
  }
}
